// !$*UTF8*$!
{
	archiveVersion = 1;
	classes = {
	};
	objectVersion = 56;
	objects = {

/* Begin PBXBuildFile section */
		A75F66182ABAF9EC002CB7AC /* PlacesVC.swift in Sources */ = {isa = PBXBuildFile; fileRef = A75F66172ABAF9EC002CB7AC /* PlacesVC.swift */; };
		A7973B4A2AB9A32900441B2E /* Pods_ParseFoursquare.framework in Frameworks */ = {isa = PBXBuildFile; fileRef = F861E682D4CAD5FD2527C138 /* Pods_ParseFoursquare.framework */; };
		A7B0839E2AB9956B00254FFC /* AppDelegate.swift in Sources */ = {isa = PBXBuildFile; fileRef = A7B0839D2AB9956B00254FFC /* AppDelegate.swift */; };
		A7B083A02AB9956B00254FFC /* SceneDelegate.swift in Sources */ = {isa = PBXBuildFile; fileRef = A7B0839F2AB9956B00254FFC /* SceneDelegate.swift */; };
		A7B083A22AB9956B00254FFC /* signUpVC.swift in Sources */ = {isa = PBXBuildFile; fileRef = A7B083A12AB9956B00254FFC /* signUpVC.swift */; };
		A7B083A52AB9956B00254FFC /* Main.storyboard in Resources */ = {isa = PBXBuildFile; fileRef = A7B083A32AB9956B00254FFC /* Main.storyboard */; };
		A7B083A72AB9956C00254FFC /* Assets.xcassets in Resources */ = {isa = PBXBuildFile; fileRef = A7B083A62AB9956C00254FFC /* Assets.xcassets */; };
		A7B083AA2AB9956C00254FFC /* LaunchScreen.storyboard in Resources */ = {isa = PBXBuildFile; fileRef = A7B083A82AB9956C00254FFC /* LaunchScreen.storyboard */; };
		A7BA56AB2ABC529C0007120E /* AddPlaceVC.swift in Sources */ = {isa = PBXBuildFile; fileRef = A7BA56AA2ABC529C0007120E /* AddPlaceVC.swift */; };
		A7BA56AD2ABC56110007120E /* mapVC.swift in Sources */ = {isa = PBXBuildFile; fileRef = A7BA56AC2ABC56110007120E /* mapVC.swift */; };
		A7BA56AF2ABC5A600007120E /* detailsVC.swift in Sources */ = {isa = PBXBuildFile; fileRef = A7BA56AE2ABC5A600007120E /* detailsVC.swift */; };
		A7BA56B12ABC62CE0007120E /* PlaceModel.swift in Sources */ = {isa = PBXBuildFile; fileRef = A7BA56B02ABC62CE0007120E /* PlaceModel.swift */; };
/* End PBXBuildFile section */

/* Begin PBXFileReference section */
		0D1D3A9987C13D31B54684E6 /* Pods-ParseFoursquare.debug.xcconfig */ = {isa = PBXFileReference; includeInIndex = 1; lastKnownFileType = text.xcconfig; name = "Pods-ParseFoursquare.debug.xcconfig"; path = "Target Support Files/Pods-ParseFoursquare/Pods-ParseFoursquare.debug.xcconfig"; sourceTree = "<group>"; };
		14D8971B5340F72BDDA6260E /* Pods-ParseFoursquare.release.xcconfig */ = {isa = PBXFileReference; includeInIndex = 1; lastKnownFileType = text.xcconfig; name = "Pods-ParseFoursquare.release.xcconfig"; path = "Target Support Files/Pods-ParseFoursquare/Pods-ParseFoursquare.release.xcconfig"; sourceTree = "<group>"; };
		A75F66172ABAF9EC002CB7AC /* PlacesVC.swift */ = {isa = PBXFileReference; lastKnownFileType = sourcecode.swift; path = PlacesVC.swift; sourceTree = "<group>"; };
		A7B0839A2AB9956B00254FFC /* ParseFoursquare.app */ = {isa = PBXFileReference; explicitFileType = wrapper.application; includeInIndex = 0; path = ParseFoursquare.app; sourceTree = BUILT_PRODUCTS_DIR; };
		A7B0839D2AB9956B00254FFC /* AppDelegate.swift */ = {isa = PBXFileReference; lastKnownFileType = sourcecode.swift; path = AppDelegate.swift; sourceTree = "<group>"; };
		A7B0839F2AB9956B00254FFC /* SceneDelegate.swift */ = {isa = PBXFileReference; lastKnownFileType = sourcecode.swift; path = SceneDelegate.swift; sourceTree = "<group>"; };
		A7B083A12AB9956B00254FFC /* signUpVC.swift */ = {isa = PBXFileReference; lastKnownFileType = sourcecode.swift; path = signUpVC.swift; sourceTree = "<group>"; };
		A7B083A42AB9956B00254FFC /* Base */ = {isa = PBXFileReference; lastKnownFileType = file.storyboard; name = Base; path = Base.lproj/Main.storyboard; sourceTree = "<group>"; };
		A7B083A62AB9956C00254FFC /* Assets.xcassets */ = {isa = PBXFileReference; lastKnownFileType = folder.assetcatalog; path = Assets.xcassets; sourceTree = "<group>"; };
		A7B083A92AB9956C00254FFC /* Base */ = {isa = PBXFileReference; lastKnownFileType = file.storyboard; name = Base; path = Base.lproj/LaunchScreen.storyboard; sourceTree = "<group>"; };
		A7B083AB2AB9956C00254FFC /* Info.plist */ = {isa = PBXFileReference; lastKnownFileType = text.plist.xml; path = Info.plist; sourceTree = "<group>"; };
		A7BA56AA2ABC529C0007120E /* AddPlaceVC.swift */ = {isa = PBXFileReference; lastKnownFileType = sourcecode.swift; path = AddPlaceVC.swift; sourceTree = "<group>"; };
		A7BA56AC2ABC56110007120E /* mapVC.swift */ = {isa = PBXFileReference; lastKnownFileType = sourcecode.swift; path = mapVC.swift; sourceTree = "<group>"; };
		A7BA56AE2ABC5A600007120E /* detailsVC.swift */ = {isa = PBXFileReference; lastKnownFileType = sourcecode.swift; path = detailsVC.swift; sourceTree = "<group>"; };
		A7BA56B02ABC62CE0007120E /* PlaceModel.swift */ = {isa = PBXFileReference; lastKnownFileType = sourcecode.swift; path = PlaceModel.swift; sourceTree = "<group>"; };
		F861E682D4CAD5FD2527C138 /* Pods_ParseFoursquare.framework */ = {isa = PBXFileReference; explicitFileType = wrapper.framework; includeInIndex = 0; path = Pods_ParseFoursquare.framework; sourceTree = BUILT_PRODUCTS_DIR; };
/* End PBXFileReference section */

/* Begin PBXFrameworksBuildPhase section */
		A7B083972AB9956B00254FFC /* Frameworks */ = {
			isa = PBXFrameworksBuildPhase;
			buildActionMask = 2147483647;
			files = (
				A7973B4A2AB9A32900441B2E /* Pods_ParseFoursquare.framework in Frameworks */,
			);
			runOnlyForDeploymentPostprocessing = 0;
		};
/* End PBXFrameworksBuildPhase section */

/* Begin PBXGroup section */
		A7B083912AB9956B00254FFC = {
			isa = PBXGroup;
			children = (
				A7B0839C2AB9956B00254FFC /* ParseFoursquare */,
				A7B0839B2AB9956B00254FFC /* Products */,
				BA78817A8D1C86057142FD82 /* Pods */,
				B7749A1A91DD2B87E78CCB5B /* Frameworks */,
			);
			sourceTree = "<group>";
		};
		A7B0839B2AB9956B00254FFC /* Products */ = {
			isa = PBXGroup;
			children = (
				A7B0839A2AB9956B00254FFC /* ParseFoursquare.app */,
			);
			name = Products;
			sourceTree = "<group>";
		};
		A7B0839C2AB9956B00254FFC /* ParseFoursquare */ = {
			isa = PBXGroup;
			children = (
				A7B0839D2AB9956B00254FFC /* AppDelegate.swift */,
				A7BA56B02ABC62CE0007120E /* PlaceModel.swift */,
				A7B0839F2AB9956B00254FFC /* SceneDelegate.swift */,
				A7B083A12AB9956B00254FFC /* signUpVC.swift */,
				A7B083A32AB9956B00254FFC /* Main.storyboard */,
				A75F66172ABAF9EC002CB7AC /* PlacesVC.swift */,
				A7BA56AA2ABC529C0007120E /* AddPlaceVC.swift */,
				A7BA56AC2ABC56110007120E /* mapVC.swift */,
				A7BA56AE2ABC5A600007120E /* detailsVC.swift */,
				A7B083A62AB9956C00254FFC /* Assets.xcassets */,
				A7B083A82AB9956C00254FFC /* LaunchScreen.storyboard */,
				A7B083AB2AB9956C00254FFC /* Info.plist */,
			);
			path = ParseFoursquare;
			sourceTree = "<group>";
		};
		B7749A1A91DD2B87E78CCB5B /* Frameworks */ = {
			isa = PBXGroup;
			children = (
				F861E682D4CAD5FD2527C138 /* Pods_ParseFoursquare.framework */,
			);
			name = Frameworks;
			sourceTree = "<group>";
		};
		BA78817A8D1C86057142FD82 /* Pods */ = {
			isa = PBXGroup;
			children = (
				0D1D3A9987C13D31B54684E6 /* Pods-ParseFoursquare.debug.xcconfig */,
				14D8971B5340F72BDDA6260E /* Pods-ParseFoursquare.release.xcconfig */,
			);
			path = Pods;
			sourceTree = "<group>";
		};
/* End PBXGroup section */

/* Begin PBXNativeTarget section */
		A7B083992AB9956B00254FFC /* ParseFoursquare */ = {
			isa = PBXNativeTarget;
			buildConfigurationList = A7B083AE2AB9956C00254FFC /* Build configuration list for PBXNativeTarget "ParseFoursquare" */;
			buildPhases = (
				1E83E8B45A1303BCC8E782B3 /* [CP] Check Pods Manifest.lock */,
				A7B083962AB9956B00254FFC /* Sources */,
				A7B083972AB9956B00254FFC /* Frameworks */,
				A7B083982AB9956B00254FFC /* Resources */,
				6055670F50818B9CB7FA269F /* [CP] Embed Pods Frameworks */,
			);
			buildRules = (
			);
			dependencies = (
			);
			name = ParseFoursquare;
			productName = ParseFoursquare;
			productReference = A7B0839A2AB9956B00254FFC /* ParseFoursquare.app */;
			productType = "com.apple.product-type.application";
		};
/* End PBXNativeTarget section */

/* Begin PBXProject section */
		A7B083922AB9956B00254FFC /* Project object */ = {
			isa = PBXProject;
			attributes = {
				BuildIndependentTargetsInParallel = 1;
				LastSwiftUpdateCheck = 1430;
				LastUpgradeCheck = 1430;
				TargetAttributes = {
					A7B083992AB9956B00254FFC = {
						CreatedOnToolsVersion = 14.3;
					};
				};
			};
			buildConfigurationList = A7B083952AB9956B00254FFC /* Build configuration list for PBXProject "ParseFoursquare" */;
			compatibilityVersion = "Xcode 14.0";
			developmentRegion = en;
			hasScannedForEncodings = 0;
			knownRegions = (
				en,
				Base,
			);
			mainGroup = A7B083912AB9956B00254FFC;
			productRefGroup = A7B0839B2AB9956B00254FFC /* Products */;
			projectDirPath = "";
			projectRoot = "";
			targets = (
				A7B083992AB9956B00254FFC /* ParseFoursquare */,
			);
		};
/* End PBXProject section */

/* Begin PBXResourcesBuildPhase section */
		A7B083982AB9956B00254FFC /* Resources */ = {
			isa = PBXResourcesBuildPhase;
			buildActionMask = 2147483647;
			files = (
				A7B083AA2AB9956C00254FFC /* LaunchScreen.storyboard in Resources */,
				A7B083A72AB9956C00254FFC /* Assets.xcassets in Resources */,
				A7B083A52AB9956B00254FFC /* Main.storyboard in Resources */,
			);
			runOnlyForDeploymentPostprocessing = 0;
		};
/* End PBXResourcesBuildPhase section */

/* Begin PBXShellScriptBuildPhase section */
		1E83E8B45A1303BCC8E782B3 /* [CP] Check Pods Manifest.lock */ = {
			isa = PBXShellScriptBuildPhase;
			buildActionMask = 2147483647;
			files = (
			);
			inputFileListPaths = (
			);
			inputPaths = (
				"${PODS_PODFILE_DIR_PATH}/Podfile.lock",
				"${PODS_ROOT}/Manifest.lock",
			);
			name = "[CP] Check Pods Manifest.lock";
			outputFileListPaths = (
			);
			outputPaths = (
				"$(DERIVED_FILE_DIR)/Pods-ParseFoursquare-checkManifestLockResult.txt",
			);
			runOnlyForDeploymentPostprocessing = 0;
			shellPath = /bin/sh;
			shellScript = "diff \"${PODS_PODFILE_DIR_PATH}/Podfile.lock\" \"${PODS_ROOT}/Manifest.lock\" > /dev/null\nif [ $? != 0 ] ; then\n    # print error to STDERR\n    echo \"error: The sandbox is not in sync with the Podfile.lock. Run 'pod install' or update your CocoaPods installation.\" >&2\n    exit 1\nfi\n# This output is used by Xcode 'outputs' to avoid re-running this script phase.\necho \"SUCCESS\" > \"${SCRIPT_OUTPUT_FILE_0}\"\n";
			showEnvVarsInLog = 0;
		};
		6055670F50818B9CB7FA269F /* [CP] Embed Pods Frameworks */ = {
			isa = PBXShellScriptBuildPhase;
			buildActionMask = 2147483647;
			files = (
			);
			inputFileListPaths = (
				"${PODS_ROOT}/Target Support Files/Pods-ParseFoursquare/Pods-ParseFoursquare-frameworks-${CONFIGURATION}-input-files.xcfilelist",
			);
			name = "[CP] Embed Pods Frameworks";
			outputFileListPaths = (
				"${PODS_ROOT}/Target Support Files/Pods-ParseFoursquare/Pods-ParseFoursquare-frameworks-${CONFIGURATION}-output-files.xcfilelist",
			);
			runOnlyForDeploymentPostprocessing = 0;
			shellPath = /bin/sh;
			shellScript = "\"${PODS_ROOT}/Target Support Files/Pods-ParseFoursquare/Pods-ParseFoursquare-frameworks.sh\"\n";
			showEnvVarsInLog = 0;
		};
/* End PBXShellScriptBuildPhase section */

/* Begin PBXSourcesBuildPhase section */
		A7B083962AB9956B00254FFC /* Sources */ = {
			isa = PBXSourcesBuildPhase;
			buildActionMask = 2147483647;
			files = (
				A7B083A22AB9956B00254FFC /* signUpVC.swift in Sources */,
				A7BA56B12ABC62CE0007120E /* PlaceModel.swift in Sources */,
				A7B0839E2AB9956B00254FFC /* AppDelegate.swift in Sources */,
				A75F66182ABAF9EC002CB7AC /* PlacesVC.swift in Sources */,
				A7BA56AF2ABC5A600007120E /* detailsVC.swift in Sources */,
				A7BA56AB2ABC529C0007120E /* AddPlaceVC.swift in Sources */,
				A7B083A02AB9956B00254FFC /* SceneDelegate.swift in Sources */,
				A7BA56AD2ABC56110007120E /* mapVC.swift in Sources */,
			);
			runOnlyForDeploymentPostprocessing = 0;
		};
/* End PBXSourcesBuildPhase section */

/* Begin PBXVariantGroup section */
		A7B083A32AB9956B00254FFC /* Main.storyboard */ = {
			isa = PBXVariantGroup;
			children = (
				A7B083A42AB9956B00254FFC /* Base */,
			);
			name = Main.storyboard;
			sourceTree = "<group>";
		};
		A7B083A82AB9956C00254FFC /* LaunchScreen.storyboard */ = {
			isa = PBXVariantGroup;
			children = (
				A7B083A92AB9956C00254FFC /* Base */,
			);
			name = LaunchScreen.storyboard;
			sourceTree = "<group>";
		};
/* End PBXVariantGroup section */

/* Begin XCBuildConfiguration section */
		A7B083AC2AB9956C00254FFC /* Debug */ = {
			isa = XCBuildConfiguration;
			buildSettings = {
				ALWAYS_SEARCH_USER_PATHS = NO;
				CLANG_ANALYZER_NONNULL = YES;
				CLANG_ANALYZER_NUMBER_OBJECT_CONVERSION = YES_AGGRESSIVE;
				CLANG_CXX_LANGUAGE_STANDARD = "gnu++20";
				CLANG_ENABLE_MODULES = YES;
				CLANG_ENABLE_OBJC_ARC = YES;
				CLANG_ENABLE_OBJC_WEAK = YES;
				CLANG_WARN_BLOCK_CAPTURE_AUTORELEASING = YES;
				CLANG_WARN_BOOL_CONVERSION = YES;
				CLANG_WARN_COMMA = YES;
				CLANG_WARN_CONSTANT_CONVERSION = YES;
				CLANG_WARN_DEPRECATED_OBJC_IMPLEMENTATIONS = YES;
				CLANG_WARN_DIRECT_OBJC_ISA_USAGE = YES_ERROR;
				CLANG_WARN_DOCUMENTATION_COMMENTS = YES;
				CLANG_WARN_EMPTY_BODY = YES;
				CLANG_WARN_ENUM_CONVERSION = YES;
				CLANG_WARN_INFINITE_RECURSION = YES;
				CLANG_WARN_INT_CONVERSION = YES;
				CLANG_WARN_NON_LITERAL_NULL_CONVERSION = YES;
				CLANG_WARN_OBJC_IMPLICIT_RETAIN_SELF = YES;
				CLANG_WARN_OBJC_LITERAL_CONVERSION = YES;
				CLANG_WARN_OBJC_ROOT_CLASS = YES_ERROR;
				CLANG_WARN_QUOTED_INCLUDE_IN_FRAMEWORK_HEADER = YES;
				CLANG_WARN_RANGE_LOOP_ANALYSIS = YES;
				CLANG_WARN_STRICT_PROTOTYPES = YES;
				CLANG_WARN_SUSPICIOUS_MOVE = YES;
				CLANG_WARN_UNGUARDED_AVAILABILITY = YES_AGGRESSIVE;
				CLANG_WARN_UNREACHABLE_CODE = YES;
				CLANG_WARN__DUPLICATE_METHOD_MATCH = YES;
				COPY_PHASE_STRIP = NO;
				DEBUG_INFORMATION_FORMAT = dwarf;
				ENABLE_STRICT_OBJC_MSGSEND = YES;
				ENABLE_TESTABILITY = YES;
				GCC_C_LANGUAGE_STANDARD = gnu11;
				GCC_DYNAMIC_NO_PIC = NO;
				GCC_NO_COMMON_BLOCKS = YES;
				GCC_OPTIMIZATION_LEVEL = 0;
				GCC_PREPROCESSOR_DEFINITIONS = (
					"DEBUG=1",
					"$(inherited)",
				);
				GCC_WARN_64_TO_32_BIT_CONVERSION = YES;
				GCC_WARN_ABOUT_RETURN_TYPE = YES_ERROR;
				GCC_WARN_UNDECLARED_SELECTOR = YES;
				GCC_WARN_UNINITIALIZED_AUTOS = YES_AGGRESSIVE;
				GCC_WARN_UNUSED_FUNCTION = YES;
				GCC_WARN_UNUSED_VARIABLE = YES;
				IPHONEOS_DEPLOYMENT_TARGET = 16.4;
				MTL_ENABLE_DEBUG_INFO = INCLUDE_SOURCE;
				MTL_FAST_MATH = YES;
				ONLY_ACTIVE_ARCH = YES;
				SDKROOT = iphoneos;
				SWIFT_ACTIVE_COMPILATION_CONDITIONS = DEBUG;
				SWIFT_OPTIMIZATION_LEVEL = "-Onone";
			};
			name = Debug;
		};
		A7B083AD2AB9956C00254FFC /* Release */ = {
			isa = XCBuildConfiguration;
			buildSettings = {
				ALWAYS_SEARCH_USER_PATHS = NO;
				CLANG_ANALYZER_NONNULL = YES;
				CLANG_ANALYZER_NUMBER_OBJECT_CONVERSION = YES_AGGRESSIVE;
				CLANG_CXX_LANGUAGE_STANDARD = "gnu++20";
				CLANG_ENABLE_MODULES = YES;
				CLANG_ENABLE_OBJC_ARC = YES;
				CLANG_ENABLE_OBJC_WEAK = YES;
				CLANG_WARN_BLOCK_CAPTURE_AUTORELEASING = YES;
				CLANG_WARN_BOOL_CONVERSION = YES;
				CLANG_WARN_COMMA = YES;
				CLANG_WARN_CONSTANT_CONVERSION = YES;
				CLANG_WARN_DEPRECATED_OBJC_IMPLEMENTATIONS = YES;
				CLANG_WARN_DIRECT_OBJC_ISA_USAGE = YES_ERROR;
				CLANG_WARN_DOCUMENTATION_COMMENTS = YES;
				CLANG_WARN_EMPTY_BODY = YES;
				CLANG_WARN_ENUM_CONVERSION = YES;
				CLANG_WARN_INFINITE_RECURSION = YES;
				CLANG_WARN_INT_CONVERSION = YES;
				CLANG_WARN_NON_LITERAL_NULL_CONVERSION = YES;
				CLANG_WARN_OBJC_IMPLICIT_RETAIN_SELF = YES;
				CLANG_WARN_OBJC_LITERAL_CONVERSION = YES;
				CLANG_WARN_OBJC_ROOT_CLASS = YES_ERROR;
				CLANG_WARN_QUOTED_INCLUDE_IN_FRAMEWORK_HEADER = YES;
				CLANG_WARN_RANGE_LOOP_ANALYSIS = YES;
				CLANG_WARN_STRICT_PROTOTYPES = YES;
				CLANG_WARN_SUSPICIOUS_MOVE = YES;
				CLANG_WARN_UNGUARDED_AVAILABILITY = YES_AGGRESSIVE;
				CLANG_WARN_UNREACHABLE_CODE = YES;
				CLANG_WARN__DUPLICATE_METHOD_MATCH = YES;
				COPY_PHASE_STRIP = NO;
				DEBUG_INFORMATION_FORMAT = "dwarf-with-dsym";
				ENABLE_NS_ASSERTIONS = NO;
				ENABLE_STRICT_OBJC_MSGSEND = YES;
				GCC_C_LANGUAGE_STANDARD = gnu11;
				GCC_NO_COMMON_BLOCKS = YES;
				GCC_WARN_64_TO_32_BIT_CONVERSION = YES;
				GCC_WARN_ABOUT_RETURN_TYPE = YES_ERROR;
				GCC_WARN_UNDECLARED_SELECTOR = YES;
				GCC_WARN_UNINITIALIZED_AUTOS = YES_AGGRESSIVE;
				GCC_WARN_UNUSED_FUNCTION = YES;
				GCC_WARN_UNUSED_VARIABLE = YES;
				IPHONEOS_DEPLOYMENT_TARGET = 16.4;
				MTL_ENABLE_DEBUG_INFO = NO;
				MTL_FAST_MATH = YES;
				SDKROOT = iphoneos;
				SWIFT_COMPILATION_MODE = wholemodule;
				SWIFT_OPTIMIZATION_LEVEL = "-O";
				VALIDATE_PRODUCT = YES;
			};
			name = Release;
		};
		A7B083AF2AB9956C00254FFC /* Debug */ = {
			isa = XCBuildConfiguration;
			baseConfigurationReference = 0D1D3A9987C13D31B54684E6 /* Pods-ParseFoursquare.debug.xcconfig */;
			buildSettings = {
				ASSETCATALOG_COMPILER_APPICON_NAME = AppIcon;
				ASSETCATALOG_COMPILER_GLOBAL_ACCENT_COLOR_NAME = AccentColor;
				CODE_SIGN_STYLE = Automatic;
				CURRENT_PROJECT_VERSION = 1;
				DEVELOPMENT_TEAM = 9UGZTB7VYP;
				GENERATE_INFOPLIST_FILE = YES;
				INFOPLIST_FILE = ParseFoursquare/Info.plist;
				INFOPLIST_KEY_UIApplicationSupportsIndirectInputEvents = YES;
				INFOPLIST_KEY_UILaunchStoryboardName = LaunchScreen;
				INFOPLIST_KEY_UIMainStoryboardFile = Main;
				INFOPLIST_KEY_UISupportedInterfaceOrientations_iPad = "UIInterfaceOrientationPortrait UIInterfaceOrientationPortraitUpsideDown UIInterfaceOrientationLandscapeLeft UIInterfaceOrientationLandscapeRight";
				INFOPLIST_KEY_UISupportedInterfaceOrientations_iPhone = "UIInterfaceOrientationPortrait UIInterfaceOrientationLandscapeLeft UIInterfaceOrientationLandscapeRight";
				IPHONEOS_DEPLOYMENT_TARGET = 16.4;
				LD_RUNPATH_SEARCH_PATHS = (
					"$(inherited)",
					"@executable_path/Frameworks",
				);
				MARKETING_VERSION = 1.0;
				PRODUCT_BUNDLE_IDENTIFIER = aibekigizbayev.ParseFoursquare;
				PRODUCT_NAME = "$(TARGET_NAME)";
				SWIFT_EMIT_LOC_STRINGS = YES;
				SWIFT_VERSION = 5.0;
				TARGETED_DEVICE_FAMILY = "1,2";
			};
			name = Debug;
		};
		A7B083B02AB9956C00254FFC /* Release */ = {
			isa = XCBuildConfiguration;
			baseConfigurationReference = 14D8971B5340F72BDDA6260E /* Pods-ParseFoursquare.release.xcconfig */;
			buildSettings = {
				ASSETCATALOG_COMPILER_APPICON_NAME = AppIcon;
				ASSETCATALOG_COMPILER_GLOBAL_ACCENT_COLOR_NAME = AccentColor;
				CODE_SIGN_STYLE = Automatic;
				CURRENT_PROJECT_VERSION = 1;
				DEVELOPMENT_TEAM = 9UGZTB7VYP;
				GENERATE_INFOPLIST_FILE = YES;
				INFOPLIST_FILE = ParseFoursquare/Info.plist;
				INFOPLIST_KEY_UIApplicationSupportsIndirectInputEvents = YES;
				INFOPLIST_KEY_UILaunchStoryboardName = LaunchScreen;
				INFOPLIST_KEY_UIMainStoryboardFile = Main;
				INFOPLIST_KEY_UISupportedInterfaceOrientations_iPad = "UIInterfaceOrientationPortrait UIInterfaceOrientationPortraitUpsideDown UIInterfaceOrientationLandscapeLeft UIInterfaceOrientationLandscapeRight";
				INFOPLIST_KEY_UISupportedInterfaceOrientations_iPhone = "UIInterfaceOrientationPortrait UIInterfaceOrientationLandscapeLeft UIInterfaceOrientationLandscapeRight";
				IPHONEOS_DEPLOYMENT_TARGET = 16.4;
				LD_RUNPATH_SEARCH_PATHS = (
					"$(inherited)",
					"@executable_path/Frameworks",
				);
				MARKETING_VERSION = 1.0;
				PRODUCT_BUNDLE_IDENTIFIER = aibekigizbayev.ParseFoursquare;
				PRODUCT_NAME = "$(TARGET_NAME)";
				SWIFT_EMIT_LOC_STRINGS = YES;
				SWIFT_VERSION = 5.0;
				TARGETED_DEVICE_FAMILY = "1,2";
			};
			name = Release;
		};
/* End XCBuildConfiguration section */

/* Begin XCConfigurationList section */
		A7B083952AB9956B00254FFC /* Build configuration list for PBXProject "ParseFoursquare" */ = {
			isa = XCConfigurationList;
			buildConfigurations = (
				A7B083AC2AB9956C00254FFC /* Debug */,
				A7B083AD2AB9956C00254FFC /* Release */,
			);
			defaultConfigurationIsVisible = 0;
			defaultConfigurationName = Release;
		};
		A7B083AE2AB9956C00254FFC /* Build configuration list for PBXNativeTarget "ParseFoursquare" */ = {
			isa = XCConfigurationList;
			buildConfigurations = (
				A7B083AF2AB9956C00254FFC /* Debug */,
				A7B083B02AB9956C00254FFC /* Release */,
			);
			defaultConfigurationIsVisible = 0;
			defaultConfigurationName = Release;
		};
/* End XCConfigurationList section */
	};
	rootObject = A7B083922AB9956B00254FFC /* Project object */;
}
